# This file is automatically @generated by Poetry 1.5.1 and should not be changed by hand.

[[package]]
name = "cueparser"
version = "1.3.1"
description = "Simple cue file parser."
optional = false
python-versions = "*"
files = [
    {file = "CueParser-1.3.1-py2.py3-none-any.whl", hash = "sha256:2de8a9f7af331723bfc9976e16d47c4f55e1991f12a478ccb9a11514f716ec47"},
    {file = "CueParser-1.3.1.tar.gz", hash = "sha256:c7d6bd75ffb6189adba7ee65c305d484305095a00f1a8930813e2d082a1a651d"},
]

[metadata]
lock-version = "2.0"
python-versions = "^3.10"
content-hash = "4b87d5928efdb089aa313bb12178bf164a7c2c9422ce7838ea3f3b0c374742cd"
